// !$*UTF8*$!
{
	archiveVersion = 1;
	classes = {
	};
	objectVersion = 56;
	objects = {

/* Begin PBXBuildFile section */
		BF11CC9A28E189D000233746 /* AddView.swift in Sources */ = {isa = PBXBuildFile; fileRef = BF11CC9928E189D000233746 /* AddView.swift */; };
		BF11CCA028E19E3D00233746 /* Persistence.swift in Sources */ = {isa = PBXBuildFile; fileRef = BF11CC9F28E19E3D00233746 /* Persistence.swift */; };
		BFE31E0D28DF24A100F76A15 /* WeeklyIncomeApp.swift in Sources */ = {isa = PBXBuildFile; fileRef = BFE31E0C28DF24A100F76A15 /* WeeklyIncomeApp.swift */; };
		BFE31E0F28DF24A100F76A15 /* ContentView.swift in Sources */ = {isa = PBXBuildFile; fileRef = BFE31E0E28DF24A100F76A15 /* ContentView.swift */; };
		BFE31E1128DF24A200F76A15 /* Assets.xcassets in Resources */ = {isa = PBXBuildFile; fileRef = BFE31E1028DF24A200F76A15 /* Assets.xcassets */; };
		BFE31E1428DF24A200F76A15 /* Preview Assets.xcassets in Resources */ = {isa = PBXBuildFile; fileRef = BFE31E1328DF24A200F76A15 /* Preview Assets.xcassets */; };
		BFE31E1D28DF2A6400F76A15 /* OnBoardingView.swift in Sources */ = {isa = PBXBuildFile; fileRef = BFE31E1C28DF2A6400F76A15 /* OnBoardingView.swift */; };
		BFF0560A28E2AF4B00C071DA /* WeeklyIncomeData.xcdatamodeld in Sources */ = {isa = PBXBuildFile; fileRef = BFF0560828E2AF4B00C071DA /* WeeklyIncomeData.xcdatamodeld */; };
/* End PBXBuildFile section */

/* Begin PBXFileReference section */
		BF11CC9928E189D000233746 /* AddView.swift */ = {isa = PBXFileReference; lastKnownFileType = sourcecode.swift; path = AddView.swift; sourceTree = "<group>"; };
		BF11CC9F28E19E3D00233746 /* Persistence.swift */ = {isa = PBXFileReference; lastKnownFileType = sourcecode.swift; path = Persistence.swift; sourceTree = "<group>"; };
		BFE31E0928DF24A100F76A15 /* WeeklyIncome.app */ = {isa = PBXFileReference; explicitFileType = wrapper.application; includeInIndex = 0; path = WeeklyIncome.app; sourceTree = BUILT_PRODUCTS_DIR; };
		BFE31E0C28DF24A100F76A15 /* WeeklyIncomeApp.swift */ = {isa = PBXFileReference; lastKnownFileType = sourcecode.swift; path = WeeklyIncomeApp.swift; sourceTree = "<group>"; };
		BFE31E0E28DF24A100F76A15 /* ContentView.swift */ = {isa = PBXFileReference; lastKnownFileType = sourcecode.swift; path = ContentView.swift; sourceTree = "<group>"; };
		BFE31E1028DF24A200F76A15 /* Assets.xcassets */ = {isa = PBXFileReference; lastKnownFileType = folder.assetcatalog; path = Assets.xcassets; sourceTree = "<group>"; };
		BFE31E1328DF24A200F76A15 /* Preview Assets.xcassets */ = {isa = PBXFileReference; lastKnownFileType = folder.assetcatalog; path = "Preview Assets.xcassets"; sourceTree = "<group>"; };
		BFE31E1C28DF2A6400F76A15 /* OnBoardingView.swift */ = {isa = PBXFileReference; lastKnownFileType = sourcecode.swift; path = OnBoardingView.swift; sourceTree = "<group>"; };
		BFF0560928E2AF4B00C071DA /* WeeklyIncomeData.xcdatamodel */ = {isa = PBXFileReference; lastKnownFileType = wrapper.xcdatamodel; path = WeeklyIncomeData.xcdatamodel; sourceTree = "<group>"; };
/* End PBXFileReference section */

/* Begin PBXFrameworksBuildPhase section */
		BFE31E0628DF24A100F76A15 /* Frameworks */ = {
			isa = PBXFrameworksBuildPhase;
			buildActionMask = 2147483647;
			files = (
			);
			runOnlyForDeploymentPostprocessing = 0;
		};
/* End PBXFrameworksBuildPhase section */

/* Begin PBXGroup section */
		BF11CC9E28E19E3300233746 /* Data */ = {
			isa = PBXGroup;
			children = (
				BFF0560828E2AF4B00C071DA /* WeeklyIncomeData.xcdatamodeld */,
				BF11CC9F28E19E3D00233746 /* Persistence.swift */,
			);
			path = Data;
			sourceTree = "<group>";
		};
		BFE31E0028DF24A100F76A15 = {
			isa = PBXGroup;
			children = (
				BFE31E0B28DF24A100F76A15 /* WeeklyIncome */,
				BFE31E0A28DF24A100F76A15 /* Products */,
			);
			sourceTree = "<group>";
		};
		BFE31E0A28DF24A100F76A15 /* Products */ = {
			isa = PBXGroup;
			children = (
				BFE31E0928DF24A100F76A15 /* WeeklyIncome.app */,
			);
			name = Products;
			sourceTree = "<group>";
		};
		BFE31E0B28DF24A100F76A15 /* WeeklyIncome */ = {
			isa = PBXGroup;
			children = (
				BFE31E0C28DF24A100F76A15 /* WeeklyIncomeApp.swift */,
				BFE31E1C28DF2A6400F76A15 /* OnBoardingView.swift */,
				BFE31E0E28DF24A100F76A15 /* ContentView.swift */,
				BF11CC9928E189D000233746 /* AddView.swift */,
				BF11CC9E28E19E3300233746 /* Data */,
				BFE31E1028DF24A200F76A15 /* Assets.xcassets */,
				BFE31E1228DF24A200F76A15 /* Preview Content */,
			);
			path = WeeklyIncome;
			sourceTree = "<group>";
		};
		BFE31E1228DF24A200F76A15 /* Preview Content */ = {
			isa = PBXGroup;
			children = (
				BFE31E1328DF24A200F76A15 /* Preview Assets.xcassets */,
			);
			path = "Preview Content";
			sourceTree = "<group>";
		};
/* End PBXGroup section */

/* Begin PBXNativeTarget section */
		BFE31E0828DF24A100F76A15 /* WeeklyIncome */ = {
			isa = PBXNativeTarget;
			buildConfigurationList = BFE31E1728DF24A200F76A15 /* Build configuration list for PBXNativeTarget "WeeklyIncome" */;
			buildPhases = (
				BFE31E0528DF24A100F76A15 /* Sources */,
				BFE31E0628DF24A100F76A15 /* Frameworks */,
				BFE31E0728DF24A100F76A15 /* Resources */,
			);
			buildRules = (
			);
			dependencies = (
			);
			name = WeeklyIncome;
			productName = WeeklyIncome;
			productReference = BFE31E0928DF24A100F76A15 /* WeeklyIncome.app */;
			productType = "com.apple.product-type.application";
		};
/* End PBXNativeTarget section */

/* Begin PBXProject section */
		BFE31E0128DF24A100F76A15 /* Project object */ = {
			isa = PBXProject;
			attributes = {
				BuildIndependentTargetsInParallel = 1;
				LastSwiftUpdateCheck = 1400;
				LastUpgradeCheck = 1400;
				TargetAttributes = {
					BFE31E0828DF24A100F76A15 = {
						CreatedOnToolsVersion = 14.0;
					};
				};
			};
			buildConfigurationList = BFE31E0428DF24A100F76A15 /* Build configuration list for PBXProject "WeeklyIncome" */;
			compatibilityVersion = "Xcode 14.0";
			developmentRegion = en;
			hasScannedForEncodings = 0;
			knownRegions = (
				en,
				Base,
			);
			mainGroup = BFE31E0028DF24A100F76A15;
			productRefGroup = BFE31E0A28DF24A100F76A15 /* Products */;
			projectDirPath = "";
			projectRoot = "";
			targets = (
				BFE31E0828DF24A100F76A15 /* WeeklyIncome */,
			);
		};
/* End PBXProject section */

/* Begin PBXResourcesBuildPhase section */
		BFE31E0728DF24A100F76A15 /* Resources */ = {
			isa = PBXResourcesBuildPhase;
			buildActionMask = 2147483647;
			files = (
				BFE31E1428DF24A200F76A15 /* Preview Assets.xcassets in Resources */,
				BFE31E1128DF24A200F76A15 /* Assets.xcassets in Resources */,
			);
			runOnlyForDeploymentPostprocessing = 0;
		};
/* End PBXResourcesBuildPhase section */

/* Begin PBXSourcesBuildPhase section */
		BFE31E0528DF24A100F76A15 /* Sources */ = {
			isa = PBXSourcesBuildPhase;
			buildActionMask = 2147483647;
			files = (
				BFE31E1D28DF2A6400F76A15 /* OnBoardingView.swift in Sources */,
				BFF0560A28E2AF4B00C071DA /* WeeklyIncomeData.xcdatamodeld in Sources */,
				BF11CCA028E19E3D00233746 /* Persistence.swift in Sources */,
				BF11CC9A28E189D000233746 /* AddView.swift in Sources */,
				BFE31E0F28DF24A100F76A15 /* ContentView.swift in Sources */,
				BFE31E0D28DF24A100F76A15 /* WeeklyIncomeApp.swift in Sources */,
			);
			runOnlyForDeploymentPostprocessing = 0;
		};
/* End PBXSourcesBuildPhase section */

/* Begin XCBuildConfiguration section */
		BFE31E1528DF24A200F76A15 /* Debug */ = {
			isa = XCBuildConfiguration;
			buildSettings = {
				ALWAYS_SEARCH_USER_PATHS = NO;
				CLANG_ANALYZER_NONNULL = YES;
				CLANG_ANALYZER_NUMBER_OBJECT_CONVERSION = YES_AGGRESSIVE;
				CLANG_CXX_LANGUAGE_STANDARD = "gnu++20";
				CLANG_ENABLE_MODULES = YES;
				CLANG_ENABLE_OBJC_ARC = YES;
				CLANG_ENABLE_OBJC_WEAK = YES;
				CLANG_WARN_BLOCK_CAPTURE_AUTORELEASING = YES;
				CLANG_WARN_BOOL_CONVERSION = YES;
				CLANG_WARN_COMMA = YES;
				CLANG_WARN_CONSTANT_CONVERSION = YES;
				CLANG_WARN_DEPRECATED_OBJC_IMPLEMENTATIONS = YES;
				CLANG_WARN_DIRECT_OBJC_ISA_USAGE = YES_ERROR;
				CLANG_WARN_DOCUMENTATION_COMMENTS = YES;
				CLANG_WARN_EMPTY_BODY = YES;
				CLANG_WARN_ENUM_CONVERSION = YES;
				CLANG_WARN_INFINITE_RECURSION = YES;
				CLANG_WARN_INT_CONVERSION = YES;
				CLANG_WARN_NON_LITERAL_NULL_CONVERSION = YES;
				CLANG_WARN_OBJC_IMPLICIT_RETAIN_SELF = YES;
				CLANG_WARN_OBJC_LITERAL_CONVERSION = YES;
				CLANG_WARN_OBJC_ROOT_CLASS = YES_ERROR;
				CLANG_WARN_QUOTED_INCLUDE_IN_FRAMEWORK_HEADER = YES;
				CLANG_WARN_RANGE_LOOP_ANALYSIS = YES;
				CLANG_WARN_STRICT_PROTOTYPES = YES;
				CLANG_WARN_SUSPICIOUS_MOVE = YES;
				CLANG_WARN_UNGUARDED_AVAILABILITY = YES_AGGRESSIVE;
				CLANG_WARN_UNREACHABLE_CODE = YES;
				CLANG_WARN__DUPLICATE_METHOD_MATCH = YES;
				COPY_PHASE_STRIP = NO;
				DEBUG_INFORMATION_FORMAT = dwarf;
				ENABLE_STRICT_OBJC_MSGSEND = YES;
				ENABLE_TESTABILITY = YES;
				GCC_C_LANGUAGE_STANDARD = gnu11;
				GCC_DYNAMIC_NO_PIC = NO;
				GCC_NO_COMMON_BLOCKS = YES;
				GCC_OPTIMIZATION_LEVEL = 0;
				GCC_PREPROCESSOR_DEFINITIONS = (
					"DEBUG=1",
					"$(inherited)",
				);
				GCC_WARN_64_TO_32_BIT_CONVERSION = YES;
				GCC_WARN_ABOUT_RETURN_TYPE = YES_ERROR;
				GCC_WARN_UNDECLARED_SELECTOR = YES;
				GCC_WARN_UNINITIALIZED_AUTOS = YES_AGGRESSIVE;
				GCC_WARN_UNUSED_FUNCTION = YES;
				GCC_WARN_UNUSED_VARIABLE = YES;
				IPHONEOS_DEPLOYMENT_TARGET = 16.0;
				MTL_ENABLE_DEBUG_INFO = INCLUDE_SOURCE;
				MTL_FAST_MATH = YES;
				ONLY_ACTIVE_ARCH = YES;
				SDKROOT = iphoneos;
				SWIFT_ACTIVE_COMPILATION_CONDITIONS = DEBUG;
				SWIFT_OPTIMIZATION_LEVEL = "-Onone";
			};
			name = Debug;
		};
		BFE31E1628DF24A200F76A15 /* Release */ = {
			isa = XCBuildConfiguration;
			buildSettings = {
				ALWAYS_SEARCH_USER_PATHS = NO;
				CLANG_ANALYZER_NONNULL = YES;
				CLANG_ANALYZER_NUMBER_OBJECT_CONVERSION = YES_AGGRESSIVE;
				CLANG_CXX_LANGUAGE_STANDARD = "gnu++20";
				CLANG_ENABLE_MODULES = YES;
				CLANG_ENABLE_OBJC_ARC = YES;
				CLANG_ENABLE_OBJC_WEAK = YES;
				CLANG_WARN_BLOCK_CAPTURE_AUTORELEASING = YES;
				CLANG_WARN_BOOL_CONVERSION = YES;
				CLANG_WARN_COMMA = YES;
				CLANG_WARN_CONSTANT_CONVERSION = YES;
				CLANG_WARN_DEPRECATED_OBJC_IMPLEMENTATIONS = YES;
				CLANG_WARN_DIRECT_OBJC_ISA_USAGE = YES_ERROR;
				CLANG_WARN_DOCUMENTATION_COMMENTS = YES;
				CLANG_WARN_EMPTY_BODY = YES;
				CLANG_WARN_ENUM_CONVERSION = YES;
				CLANG_WARN_INFINITE_RECURSION = YES;
				CLANG_WARN_INT_CONVERSION = YES;
				CLANG_WARN_NON_LITERAL_NULL_CONVERSION = YES;
				CLANG_WARN_OBJC_IMPLICIT_RETAIN_SELF = YES;
				CLANG_WARN_OBJC_LITERAL_CONVERSION = YES;
				CLANG_WARN_OBJC_ROOT_CLASS = YES_ERROR;
				CLANG_WARN_QUOTED_INCLUDE_IN_FRAMEWORK_HEADER = YES;
				CLANG_WARN_RANGE_LOOP_ANALYSIS = YES;
				CLANG_WARN_STRICT_PROTOTYPES = YES;
				CLANG_WARN_SUSPICIOUS_MOVE = YES;
				CLANG_WARN_UNGUARDED_AVAILABILITY = YES_AGGRESSIVE;
				CLANG_WARN_UNREACHABLE_CODE = YES;
				CLANG_WARN__DUPLICATE_METHOD_MATCH = YES;
				COPY_PHASE_STRIP = NO;
				DEBUG_INFORMATION_FORMAT = "dwarf-with-dsym";
				ENABLE_NS_ASSERTIONS = NO;
				ENABLE_STRICT_OBJC_MSGSEND = YES;
				GCC_C_LANGUAGE_STANDARD = gnu11;
				GCC_NO_COMMON_BLOCKS = YES;
				GCC_WARN_64_TO_32_BIT_CONVERSION = YES;
				GCC_WARN_ABOUT_RETURN_TYPE = YES_ERROR;
				GCC_WARN_UNDECLARED_SELECTOR = YES;
				GCC_WARN_UNINITIALIZED_AUTOS = YES_AGGRESSIVE;
				GCC_WARN_UNUSED_FUNCTION = YES;
				GCC_WARN_UNUSED_VARIABLE = YES;
				IPHONEOS_DEPLOYMENT_TARGET = 16.0;
				MTL_ENABLE_DEBUG_INFO = NO;
				MTL_FAST_MATH = YES;
				SDKROOT = iphoneos;
				SWIFT_COMPILATION_MODE = wholemodule;
				SWIFT_OPTIMIZATION_LEVEL = "-O";
				VALIDATE_PRODUCT = YES;
			};
			name = Release;
		};
		BFE31E1828DF24A200F76A15 /* Debug */ = {
			isa = XCBuildConfiguration;
			buildSettings = {
				ASSETCATALOG_COMPILER_APPICON_NAME = AppIcon;
				ASSETCATALOG_COMPILER_GLOBAL_ACCENT_COLOR_NAME = AccentColor;
				CODE_SIGN_STYLE = Automatic;
				CURRENT_PROJECT_VERSION = 1;
				DEVELOPMENT_ASSET_PATHS = "\"WeeklyIncome/Preview Content\"";
				DEVELOPMENT_TEAM = L8QX5LU28U;
				ENABLE_PREVIEWS = YES;
				GENERATE_INFOPLIST_FILE = YES;
				INFOPLIST_KEY_UIApplicationSceneManifest_Generation = YES;
				INFOPLIST_KEY_UIApplicationSupportsIndirectInputEvents = YES;
				INFOPLIST_KEY_UILaunchScreen_Generation = YES;
				INFOPLIST_KEY_UISupportedInterfaceOrientations_iPad = "UIInterfaceOrientationPortrait UIInterfaceOrientationPortraitUpsideDown UIInterfaceOrientationLandscapeLeft UIInterfaceOrientationLandscapeRight";
				INFOPLIST_KEY_UISupportedInterfaceOrientations_iPhone = "UIInterfaceOrientationPortrait UIInterfaceOrientationLandscapeLeft UIInterfaceOrientationLandscapeRight";
				LD_RUNPATH_SEARCH_PATHS = (
					"$(inherited)",
					"@executable_path/Frameworks",
				);
				MARKETING_VERSION = 1.0;
				PRODUCT_BUNDLE_IDENTIFIER = au.edu.uts.student.WeeklyIncome;
				PRODUCT_NAME = "$(TARGET_NAME)";
				SWIFT_EMIT_LOC_STRINGS = YES;
				SWIFT_VERSION = 5.0;
				TARGETED_DEVICE_FAMILY = "1,2";
			};
			name = Debug;
		};
		BFE31E1928DF24A200F76A15 /* Release */ = {
			isa = XCBuildConfiguration;
			buildSettings = {
				ASSETCATALOG_COMPILER_APPICON_NAME = AppIcon;
				ASSETCATALOG_COMPILER_GLOBAL_ACCENT_COLOR_NAME = AccentColor;
				CODE_SIGN_STYLE = Automatic;
				CURRENT_PROJECT_VERSION = 1;
				DEVELOPMENT_ASSET_PATHS = "\"WeeklyIncome/Preview Content\"";
				DEVELOPMENT_TEAM = L8QX5LU28U;
				ENABLE_PREVIEWS = YES;
				GENERATE_INFOPLIST_FILE = YES;
				INFOPLIST_KEY_UIApplicationSceneManifest_Generation = YES;
				INFOPLIST_KEY_UIApplicationSupportsIndirectInputEvents = YES;
				INFOPLIST_KEY_UILaunchScreen_Generation = YES;
				INFOPLIST_KEY_UISupportedInterfaceOrientations_iPad = "UIInterfaceOrientationPortrait UIInterfaceOrientationPortraitUpsideDown UIInterfaceOrientationLandscapeLeft UIInterfaceOrientationLandscapeRight";
				INFOPLIST_KEY_UISupportedInterfaceOrientations_iPhone = "UIInterfaceOrientationPortrait UIInterfaceOrientationLandscapeLeft UIInterfaceOrientationLandscapeRight";
				LD_RUNPATH_SEARCH_PATHS = (
					"$(inherited)",
					"@executable_path/Frameworks",
				);
				MARKETING_VERSION = 1.0;
				PRODUCT_BUNDLE_IDENTIFIER = au.edu.uts.student.WeeklyIncome;
				PRODUCT_NAME = "$(TARGET_NAME)";
				SWIFT_EMIT_LOC_STRINGS = YES;
				SWIFT_VERSION = 5.0;
				TARGETED_DEVICE_FAMILY = "1,2";
			};
			name = Release;
		};
/* End XCBuildConfiguration section */

/* Begin XCConfigurationList section */
		BFE31E0428DF24A100F76A15 /* Build configuration list for PBXProject "WeeklyIncome" */ = {
			isa = XCConfigurationList;
			buildConfigurations = (
				BFE31E1528DF24A200F76A15 /* Debug */,
				BFE31E1628DF24A200F76A15 /* Release */,
			);
			defaultConfigurationIsVisible = 0;
			defaultConfigurationName = Release;
		};
		BFE31E1728DF24A200F76A15 /* Build configuration list for PBXNativeTarget "WeeklyIncome" */ = {
			isa = XCConfigurationList;
			buildConfigurations = (
				BFE31E1828DF24A200F76A15 /* Debug */,
				BFE31E1928DF24A200F76A15 /* Release */,
			);
			defaultConfigurationIsVisible = 0;
			defaultConfigurationName = Release;
		};
/* End XCConfigurationList section */

/* Begin XCVersionGroup section */
		BFF0560828E2AF4B00C071DA /* WeeklyIncomeData.xcdatamodeld */ = {
			isa = XCVersionGroup;
			children = (
				BFF0560928E2AF4B00C071DA /* WeeklyIncomeData.xcdatamodel */,
			);
			currentVersion = BFF0560928E2AF4B00C071DA /* WeeklyIncomeData.xcdatamodel */;
			path = WeeklyIncomeData.xcdatamodeld;
			sourceTree = "<group>";
			versionGroupType = wrapper.xcdatamodel;
		};
/* End XCVersionGroup section */
	};
	rootObject = BFE31E0128DF24A100F76A15 /* Project object */;
}
